
Microsoft Visual Studio Solution File, Format Version 12.00
# Visual Studio 15
VisualStudioVersion = 15.0.27130.2027
MinimumVisualStudioVersion = 10.0.40219.1
Project("{FAE04EC0-301F-11D3-BF4B-00C04F79EFBC}") = "Shop.Api", "Shop.Api\Shop.Api.csproj", "{3A2B79A1-E16F-41F8-9B59-37550D94FFD4}"
EndProject
Project("{FAE04EC0-301F-11D3-BF4B-00C04F79EFBC}") = "Shop.Infrastructure", "Shop.Infrastructure\Shop.Infrastructure.csproj", "{76E516B5-9D89-450D-B58D-46BD6A802C1A}"
EndProject
Project("{FAE04EC0-301F-11D3-BF4B-00C04F79EFBC}") = "Shop.Core", "Shop.Core\Shop.Core.csproj", "{122F361F-C791-49C8-8068-830E4AA683DE}"
EndProject
Global
	GlobalSection(SolutionConfigurationPlatforms) = preSolution
		Debug|Any CPU = Debug|Any CPU
		Release|Any CPU = Release|Any CPU
	EndGlobalSection
	GlobalSection(ProjectConfigurationPlatforms) = postSolution
		{3A2B79A1-E16F-41F8-9B59-37550D94FFD4}.Debug|Any CPU.ActiveCfg = Debug|Any CPU
		{3A2B79A1-E16F-41F8-9B59-37550D94FFD4}.Debug|Any CPU.Build.0 = Debug|Any CPU
		{3A2B79A1-E16F-41F8-9B59-37550D94FFD4}.Release|Any CPU.ActiveCfg = Release|Any CPU
		{3A2B79A1-E16F-41F8-9B59-37550D94FFD4}.Release|Any CPU.Build.0 = Release|Any CPU
		{76E516B5-9D89-450D-B58D-46BD6A802C1A}.Debug|Any CPU.ActiveCfg = Debug|Any CPU
		{76E516B5-9D89-450D-B58D-46BD6A802C1A}.Debug|Any CPU.Build.0 = Debug|Any CPU
		{76E516B5-9D89-450D-B58D-46BD6A802C1A}.Release|Any CPU.ActiveCfg = Release|Any CPU
		{76E516B5-9D89-450D-B58D-46BD6A802C1A}.Release|Any CPU.Build.0 = Release|Any CPU
		{122F361F-C791-49C8-8068-830E4AA683DE}.Debug|Any CPU.ActiveCfg = Debug|Any CPU
		{122F361F-C791-49C8-8068-830E4AA683DE}.Debug|Any CPU.Build.0 = Debug|Any CPU
		{122F361F-C791-49C8-8068-830E4AA683DE}.Release|Any CPU.ActiveCfg = Release|Any CPU
		{122F361F-C791-49C8-8068-830E4AA683DE}.Release|Any CPU.Build.0 = Release|Any CPU
	EndGlobalSection
	GlobalSection(SolutionProperties) = preSolution
		HideSolutionNode = FALSE
	EndGlobalSection
	GlobalSection(ExtensibilityGlobals) = postSolution
		SolutionGuid = {0AE5220A-0411-48CA-95DD-0933FAB1B773}
	EndGlobalSection
EndGlobal
